# This file is automatically @generated by Poetry and should not be changed by hand.

[[package]]
name = "numpy"
version = "1.24.2"
description = "Fundamental package for array computing in Python"
category = "main"
optional = false
python-versions = ">=3.8"
files = [
    {file = "numpy-1.24.2-cp310-cp310-macosx_10_9_x86_64.whl", hash = "sha256:eef70b4fc1e872ebddc38cddacc87c19a3709c0e3e5d20bf3954c147b1dd941d"},
    {file = "numpy-1.24.2-cp310-cp310-macosx_11_0_arm64.whl", hash = "sha256:e8d2859428712785e8a8b7d2b3ef0a1d1565892367b32f915c4a4df44d0e64f5"},
    {file = "numpy-1.24.2-cp310-cp310-manylinux_2_17_aarch64.manylinux2014_aarch64.whl", hash = "sha256:6524630f71631be2dabe0c541e7675db82651eb998496bbe16bc4f77f0772253"},
    {file = "numpy-1.24.2-cp310-cp310-manylinux_2_17_x86_64.manylinux2014_x86_64.whl", hash = "sha256:a51725a815a6188c662fb66fb32077709a9ca38053f0274640293a14fdd22978"},
    {file = "numpy-1.24.2-cp310-cp310-win32.whl", hash = "sha256:2620e8592136e073bd12ee4536149380695fbe9ebeae845b81237f986479ffc9"},
    {file = "numpy-1.24.2-cp310-cp310-win_amd64.whl", hash = "sha256:97cf27e51fa078078c649a51d7ade3c92d9e709ba2bfb97493007103c741f1d0"},
    {file = "numpy-1.24.2-cp311-cp311-macosx_10_9_x86_64.whl", hash = "sha256:7de8fdde0003f4294655aa5d5f0a89c26b9f22c0a58790c38fae1ed392d44a5a"},
    {file = "numpy-1.24.2-cp311-cp311-macosx_11_0_arm64.whl", hash = "sha256:4173bde9fa2a005c2c6e2ea8ac1618e2ed2c1c6ec8a7657237854d42094123a0"},
    {file = "numpy-1.24.2-cp311-cp311-manylinux_2_17_aarch64.manylinux2014_aarch64.whl", hash = "sha256:4cecaed30dc14123020f77b03601559fff3e6cd0c048f8b5289f4eeabb0eb281"},
    {file = "numpy-1.24.2-cp311-cp311-manylinux_2_17_x86_64.manylinux2014_x86_64.whl", hash = "sha256:9a23f8440561a633204a67fb44617ce2a299beecf3295f0d13c495518908e910"},
    {file = "numpy-1.24.2-cp311-cp311-win32.whl", hash = "sha256:e428c4fbfa085f947b536706a2fc349245d7baa8334f0c5723c56a10595f9b95"},
    {file = "numpy-1.24.2-cp311-cp311-win_amd64.whl", hash = "sha256:557d42778a6869c2162deb40ad82612645e21d79e11c1dc62c6e82a2220ffb04"},
    {file = "numpy-1.24.2-cp38-cp38-macosx_10_9_x86_64.whl", hash = "sha256:d0a2db9d20117bf523dde15858398e7c0858aadca7c0f088ac0d6edd360e9ad2"},
    {file = "numpy-1.24.2-cp38-cp38-macosx_11_0_arm64.whl", hash = "sha256:c72a6b2f4af1adfe193f7beb91ddf708ff867a3f977ef2ec53c0ffb8283ab9f5"},
    {file = "numpy-1.24.2-cp38-cp38-manylinux_2_17_aarch64.manylinux2014_aarch64.whl", hash = "sha256:c29e6bd0ec49a44d7690ecb623a8eac5ab8a923bce0bea6293953992edf3a76a"},
    {file = "numpy-1.24.2-cp38-cp38-manylinux_2_17_x86_64.manylinux2014_x86_64.whl", hash = "sha256:2eabd64ddb96a1239791da78fa5f4e1693ae2dadc82a76bc76a14cbb2b966e96"},
    {file = "numpy-1.24.2-cp38-cp38-win32.whl", hash = "sha256:e3ab5d32784e843fc0dd3ab6dcafc67ef806e6b6828dc6af2f689be0eb4d781d"},
    {file = "numpy-1.24.2-cp38-cp38-win_amd64.whl", hash = "sha256:76807b4063f0002c8532cfeac47a3068a69561e9c8715efdad3c642eb27c0756"},
    {file = "numpy-1.24.2-cp39-cp39-macosx_10_9_x86_64.whl", hash = "sha256:4199e7cfc307a778f72d293372736223e39ec9ac096ff0a2e64853b866a8e18a"},
    {file = "numpy-1.24.2-cp39-cp39-macosx_11_0_arm64.whl", hash = "sha256:adbdce121896fd3a17a77ab0b0b5eedf05a9834a18699db6829a64e1dfccca7f"},
    {file = "numpy-1.24.2-cp39-cp39-manylinux_2_17_aarch64.manylinux2014_aarch64.whl", hash = "sha256:889b2cc88b837d86eda1b17008ebeb679d82875022200c6e8e4ce6cf549b7acb"},
    {file = "numpy-1.24.2-cp39-cp39-manylinux_2_17_x86_64.manylinux2014_x86_64.whl", hash = "sha256:f64bb98ac59b3ea3bf74b02f13836eb2e24e48e0ab0145bbda646295769bd780"},
    {file = "numpy-1.24.2-cp39-cp39-win32.whl", hash = "sha256:63e45511ee4d9d976637d11e6c9864eae50e12dc9598f531c035265991910468"},
    {file = "numpy-1.24.2-cp39-cp39-win_amd64.whl", hash = "sha256:a77d3e1163a7770164404607b7ba3967fb49b24782a6ef85d9b5f54126cc39e5"},
    {file = "numpy-1.24.2-pp38-pypy38_pp73-macosx_10_9_x86_64.whl", hash = "sha256:92011118955724465fb6853def593cf397b4a1367495e0b59a7e69d40c4eb71d"},
    {file = "numpy-1.24.2-pp38-pypy38_pp73-manylinux_2_17_x86_64.manylinux2014_x86_64.whl", hash = "sha256:f9006288bcf4895917d02583cf3411f98631275bc67cce355a7f39f8c14338fa"},
    {file = "numpy-1.24.2-pp38-pypy38_pp73-win_amd64.whl", hash = "sha256:150947adbdfeceec4e5926d956a06865c1c690f2fd902efede4ca6fe2e657c3f"},
    {file = "numpy-1.24.2.tar.gz", hash = "sha256:003a9f530e880cb2cd177cba1af7220b9aa42def9c4afc2a2fc3ee6be7eb2b22"},
]

[[package]]
name = "pygame"
version = "2.2.0"
description = "Python Game Development"
category = "main"
optional = false
python-versions = ">=3.6"
files = [
    {file = "pygame-2.2.0-cp310-cp310-macosx_10_9_x86_64.whl", hash = "sha256:ab87bbafc712bf64fb4e22c9a8a90e974855a09563f58e3f38c79373bb473c85"},
    {file = "pygame-2.2.0-cp310-cp310-macosx_11_0_arm64.whl", hash = "sha256:f8b2f9dd8aa2761372df0c733e1f226d6efd09e044de64c31e84130cfb092934"},
    {file = "pygame-2.2.0-cp310-cp310-manylinux_2_12_i686.manylinux2010_i686.whl", hash = "sha256:1bdeb4961bf4a2678954ef918f881751ec1e82f2734e3ac0fb1cd7fddbcc8c0a"},
    {file = "pygame-2.2.0-cp310-cp310-manylinux_2_12_x86_64.manylinux2010_x86_64.whl", hash = "sha256:dac9e207794c1467281573860b6bd5db203c46b43d105320eaf9ac18fc4031d0"},
    {file = "pygame-2.2.0-cp310-cp310-manylinux_2_17_aarch64.manylinux2014_aarch64.whl", hash = "sha256:73277d5b1b9c4cacb29f8fab4b7aef4fdcb32c5dbbf085672dda01cfea120504"},
    {file = "pygame-2.2.0-cp310-cp310-manylinux_2_17_i686.manylinux2014_i686.whl", hash = "sha256:b523d00bbeff8ef9418b95c78d032f78e7e4ca83487a20ec0f84d2cd2afe8366"},
    {file = "pygame-2.2.0-cp310-cp310-manylinux_2_17_x86_64.manylinux2014_x86_64.whl", hash = "sha256:381fa033fa8f1d130ec32975d5407f386372d32f2b40015d57277a277db9f723"},
    {file = "pygame-2.2.0-cp310-cp310-win32.whl", hash = "sha256:2810bbbd22016299f5d16ddcf0b446ca264cc507e6ce131c4d12c3425734eeaa"},
    {file = "pygame-2.2.0-cp310-cp310-win_amd64.whl", hash = "sha256:e17de19d7137fb169c9302e12894b8e8cbc4a3dab85b8f86fcd1c83a93849c3b"},
    {file = "pygame-2.2.0-cp311-cp311-macosx_10_9_x86_64.whl", hash = "sha256:e75766f2a1d0c5ef34c253dbe08f188ca3d211c7e6e1c4bf4fd128115c9c0299"},
    {file = "pygame-2.2.0-cp311-cp311-macosx_11_0_arm64.whl", hash = "sha256:6cfb45e881d412df333dbcba39e71d0e3155eb52affd900bac0770c56f870435"},
    {file = "pygame-2.2.0-cp311-cp311-manylinux_2_17_aarch64.manylinux2014_aarch64.whl", hash = "sha256:79f416f860507f3a4946d8811dd002367f50f2cc307ff100d323388cd68dd227"},
    {file = "pygame-2.2.0-cp311-cp311-manylinux_2_17_i686.manylinux2014_i686.whl", hash = "sha256:6015baba3be040f3f982e8f5396ea36352f0ea5570dd6c2f0b1c9c0d16d1a448"},
    {file = "pygame-2.2.0-cp311-cp311-manylinux_2_17_x86_64.manylinux2014_x86_64.whl", hash = "sha256:e65d8b29cf038f758b6617481994fe8b917e21b86756c153dad6a2d62e1ca050"},
    {file = "pygame-2.2.0-cp311-cp311-win32.whl", hash = "sha256:ef866888f9a6d1ca5822f5caaba89f93a85beba15186ee66766eec67fe908256"},
    {file = "pygame-2.2.0-cp311-cp311-win_amd64.whl", hash = "sha256:e344d07ef341e49315c204a370abba8a0b02fa7efea1b528696b22b3f30a60aa"},
    {file = "pygame-2.2.0-cp36-cp36m-macosx_10_9_x86_64.whl", hash = "sha256:2d6142a784bbef3f1680ece65b7cc4acc2e5c1433c1ff4f7f9ca6c30a38bb7df"},
    {file = "pygame-2.2.0-cp36-cp36m-manylinux_2_12_i686.manylinux2010_i686.whl", hash = "sha256:649fb006abbaf74005e931e855a9fb1583e7f2c52393a0d1038335f756d2d33a"},
    {file = "pygame-2.2.0-cp36-cp36m-manylinux_2_12_x86_64.manylinux2010_x86_64.whl", hash = "sha256:677e57472ab13508847c69385e6b998152684f92a733babf345129595e4b781d"},
    {file = "pygame-2.2.0-cp36-cp36m-manylinux_2_17_aarch64.manylinux2014_aarch64.whl", hash = "sha256:43049d7e04e3f8101d14c1bc71a1d117e4092283e45f2488cfc1733f44722152"},
    {file = "pygame-2.2.0-cp36-cp36m-manylinux_2_17_i686.manylinux2014_i686.whl", hash = "sha256:7f6d16040c1676b29757f308819fbf69b0994f4e140f1782b26de6988b50736f"},
    {file = "pygame-2.2.0-cp36-cp36m-manylinux_2_17_x86_64.manylinux2014_x86_64.whl", hash = "sha256:20e85152b2b89259b44eb8f563e86a9e2f27f663f243edb7f764f1b355ee86b3"},
    {file = "pygame-2.2.0-cp36-cp36m-manylinux_2_5_i686.manylinux1_i686.whl", hash = "sha256:fdb87b944d861e0fc1f2f872eb2ebc75e8a6aca892937df3f7242f27ff45e2a4"},
    {file = "pygame-2.2.0-cp36-cp36m-manylinux_2_5_x86_64.manylinux1_x86_64.whl", hash = "sha256:b1129745eef343488c69b5e311a86e13f1e497077d562058e07773cc8813fab1"},
    {file = "pygame-2.2.0-cp36-cp36m-win32.whl", hash = "sha256:8feaaa82cb33243234d97892c5b2dd18a172071a6bb4ad3fe0d64880e5353e69"},
    {file = "pygame-2.2.0-cp36-cp36m-win_amd64.whl", hash = "sha256:af5355f4a7b317e994ec100b5608bfd7da8261a221a66a6964f94c59ff269afd"},
    {file = "pygame-2.2.0-cp37-cp37m-macosx_10_9_x86_64.whl", hash = "sha256:f5c40802e7e0947ad8527ce347413d4355c0cecdb1bae0696a1cf74ad5c5f84d"},
    {file = "pygame-2.2.0-cp37-cp37m-manylinux_2_12_i686.manylinux2010_i686.whl", hash = "sha256:d66247f1a989fc02737bbda4e25a5aa06ede4dcde8122ca295a1ec3fd09364c8"},
    {file = "pygame-2.2.0-cp37-cp37m-manylinux_2_12_x86_64.manylinux2010_x86_64.whl", hash = "sha256:0f9b905d3c9a1908f2c6ba313ac864c52865688f0b9484b9519aa53195ec89c3"},
    {file = "pygame-2.2.0-cp37-cp37m-manylinux_2_17_aarch64.manylinux2014_aarch64.whl", hash = "sha256:6de9b5023d5e3767a7f0634f9e692b6d13a947a66a6d9590bff124ce14c8f499"},
    {file = "pygame-2.2.0-cp37-cp37m-manylinux_2_17_i686.manylinux2014_i686.whl", hash = "sha256:257e9714552546a43aab94f224edccb5f22458532a702b81fdf513c54b5fa6da"},
    {file = "pygame-2.2.0-cp37-cp37m-manylinux_2_17_x86_64.manylinux2014_x86_64.whl", hash = "sha256:fbbb0ed0152d31de7a00faf7053b5b0f0813679e2b8e5db804aea0a79b20d278"},
    {file = "pygame-2.2.0-cp37-cp37m-manylinux_2_5_i686.manylinux1_i686.whl", hash = "sha256:618244dc03f00df8dcce764c22091791b664acd655cbb8f0c235db15ea5a36c9"},
    {file = "pygame-2.2.0-cp37-cp37m-manylinux_2_5_x86_64.manylinux1_x86_64.whl", hash = "sha256:6057e08a42bc113cc4adf309436a04b993beb11e29db4ae8a516fdbf53874b59"},
    {file = "pygame-2.2.0-cp37-cp37m-win32.whl", hash = "sha256:90219b8000d07993b1c69677c0be6e3d8e1f103051b7e37b99aabe4a7f540832"},
    {file = "pygame-2.2.0-cp37-cp37m-win_amd64.whl", hash = "sha256:2bf544fd0f07af4290c91159789957508df19df4f728a42661531dc46c3d9b80"},
    {file = "pygame-2.2.0-cp38-cp38-macosx_10_9_x86_64.whl", hash = "sha256:22bb55a57d6faeaa82e9efcfa3c09a5bc909b4c0fea8d103e27cebdd00c9b992"},
    {file = "pygame-2.2.0-cp38-cp38-macosx_11_0_arm64.whl", hash = "sha256:723c297f702af48afdbacb0165b0ada9c1d2eb8ec77e45e2561536fbd56738f0"},
    {file = "pygame-2.2.0-cp38-cp38-manylinux_2_12_i686.manylinux2010_i686.whl", hash = "sha256:6f216af455ad3c1ef537e3bdd85f40dfc73ccb079328216ee98be6c30f9ac91f"},
    {file = "pygame-2.2.0-cp38-cp38-manylinux_2_12_x86_64.manylinux2010_x86_64.whl", hash = "sha256:720f03e06d779174c2a867fa65ad58807cd12e48052d38a4398c96ff7d4ae940"},
    {file = "pygame-2.2.0-cp38-cp38-manylinux_2_17_aarch64.manylinux2014_aarch64.whl", hash = "sha256:6ab8b06dd4b75a7cfc5aa652625bebeb99fcf190221019bcfd28daf3fa221f78"},
    {file = "pygame-2.2.0-cp38-cp38-manylinux_2_17_i686.manylinux2014_i686.whl", hash = "sha256:cd05cf88bd12d41e5002809fee097dc592dd24697bcd110a33505a6c2c28dd4a"},
    {file = "pygame-2.2.0-cp38-cp38-manylinux_2_17_x86_64.manylinux2014_x86_64.whl", hash = "sha256:c3dd5b5d3b765810180ee10e0c1b2101fff28b98f756ff2331463c9947df0120"},
    {file = "pygame-2.2.0-cp38-cp38-manylinux_2_5_i686.manylinux1_i686.whl", hash = "sha256:9ed7d65ea3db3978506aeffdd36776884a832d1c3542c1ff582a0bc31916010a"},
    {file = "pygame-2.2.0-cp38-cp38-manylinux_2_5_x86_64.manylinux1_x86_64.whl", hash = "sha256:d177cbea4ea913c49c5225049c488ea82d30c3004862de7d50611ad3144d28ad"},
    {file = "pygame-2.2.0-cp38-cp38-win32.whl", hash = "sha256:c2a12c6cf41058c947fbbb08edcc777cb6631636385b6bbc38783bb759930b39"},
    {file = "pygame-2.2.0-cp38-cp38-win_amd64.whl", hash = "sha256:012a233fce1367d8813070e394246050320ed0897e89e008f05c185572a6c523"},
    {file = "pygame-2.2.0-cp39-cp39-macosx_10_9_x86_64.whl", hash = "sha256:5a3f188cda812a370bd276163b860db431045fe44d8874c12cd459c2e6e65cb9"},
    {file = "pygame-2.2.0-cp39-cp39-macosx_11_0_arm64.whl", hash = "sha256:d24e6ef51adf6a1f7ca625a2085714094b8627624503005bb660bf077c6d51b5"},
    {file = "pygame-2.2.0-cp39-cp39-manylinux_2_12_i686.manylinux2010_i686.whl", hash = "sha256:792fc1be24d159b62337bb850300a899a9be1d67ad4b5a32cdc794e4749a116d"},
    {file = "pygame-2.2.0-cp39-cp39-manylinux_2_12_x86_64.manylinux2010_x86_64.whl", hash = "sha256:2b81e22402a3908273ddc67a09e7880f44c28f7499a9ecd5a5b5c14490415c05"},
    {file = "pygame-2.2.0-cp39-cp39-manylinux_2_17_aarch64.manylinux2014_aarch64.whl", hash = "sha256:8aa8e7fe0fc70b4480f77794b2ee8b5aaabc1f34051d019d65b0e512dfb36678"},
    {file = "pygame-2.2.0-cp39-cp39-manylinux_2_17_i686.manylinux2014_i686.whl", hash = "sha256:6bf82b0aa3534ca0b8312cbd0e94e3acff153cdbe5b5407eb123bbac14d96f4f"},
    {file = "pygame-2.2.0-cp39-cp39-manylinux_2_17_x86_64.manylinux2014_x86_64.whl", hash = "sha256:a40687b476ffdb68a40204b05b09df37e2e8df1117e3037c43ae5d690c27c58e"},
    {file = "pygame-2.2.0-cp39-cp39-manylinux_2_5_i686.manylinux1_i686.whl", hash = "sha256:2fc1072d13cdd2e8d08fe959e1134343679e2757eaff3656c69b7d18e70d488e"},
    {file = "pygame-2.2.0-cp39-cp39-manylinux_2_5_x86_64.manylinux1_x86_64.whl", hash = "sha256:8927dec320dd2b6bd8e29d841201534a487bf5332b1b76bacd8b2bfd40d18458"},
    {file = "pygame-2.2.0-cp39-cp39-win32.whl", hash = "sha256:862c04467156901c37f7acdab96a0becc57e129287f852003705dd02be7be24a"},
    {file = "pygame-2.2.0-cp39-cp39-win_amd64.whl", hash = "sha256:1812138bb9cfe61e7e9821250d418b66263dd6dbd11757bdc2b7c17d00806e5f"},
    {file = "pygame-2.2.0-pp36-pypy36_pp73-win32.whl", hash = "sha256:d5d2fccfc109d0f483b1d801650121ca9f8f51260d61fb64c15412455504612c"},
    {file = "pygame-2.2.0-pp37-pypy37_pp73-manylinux_2_17_i686.manylinux2014_i686.whl", hash = "sha256:dc59ccd474948522f2c6cb1a72962b826659eb52e4bb031e5575e8986d43c8dc"},
    {file = "pygame-2.2.0-pp37-pypy37_pp73-manylinux_2_17_x86_64.manylinux2014_x86_64.whl", hash = "sha256:ae66ce9165ab20c0b484eb660dd8fedbc44f0101d62cb7d780a5bcb7ee72ba2c"},
    {file = "pygame-2.2.0-pp38-pypy38_pp73-macosx_10_9_x86_64.whl", hash = "sha256:da064b730c8be76a1b320771a605819f4e364fbcede6555d2905c84970b4e36c"},
    {file = "pygame-2.2.0-pp38-pypy38_pp73-manylinux_2_17_i686.manylinux2014_i686.whl", hash = "sha256:7fcd187835276b99136fbea94f158aaff2cd92352913f01a47ee909917126485"},
    {file = "pygame-2.2.0-pp38-pypy38_pp73-manylinux_2_17_x86_64.manylinux2014_x86_64.whl", hash = "sha256:4c0c98ae429bd275c098019ec917a1f8ecde03667c69db02dbd909327df67ebe"},
    {file = "pygame-2.2.0-pp39-pypy39_pp73-macosx_10_9_x86_64.whl", hash = "sha256:a274b99012ac340e308c21e838b49c0f2dc1f10ea28436a4994712a3b028d79e"},
    {file = "pygame-2.2.0-pp39-pypy39_pp73-manylinux_2_17_i686.manylinux2014_i686.whl", hash = "sha256:90093d731823caf864cfb8f4b88ed31604f164a46ea49c5f5551c4dc4b665fbb"},
    {file = "pygame-2.2.0-pp39-pypy39_pp73-manylinux_2_17_x86_64.manylinux2014_x86_64.whl", hash = "sha256:20b0015f7d86b765611141460496ba9669b13dcd956f6d05685e23fe70a7559a"},
    {file = "pygame-2.2.0.tar.gz", hash = "sha256:c64d06a97dd7fcdb8433c1c846757e9d253a36e49e579daeab090caeb6b2ef31"},
]

[[package]]
name = "pygame-ce"
version = "2.1.4"
description = "Python Game Development"
category = "main"
optional = false
python-versions = ">=3.7"
files = [
    {file = "pygame-ce-2.1.4.tar.gz", hash = "sha256:17244d4ef049e053bbd14e801f1a4c2ec0a65c069a3cf6793b66c622e15077bc"},
    {file = "pygame_ce-2.1.4-cp310-cp310-macosx_10_9_x86_64.whl", hash = "sha256:3918aa0e68262fe6271d42e040136cfb2aafd2df162bb0afeeb0169ecfe8fced"},
    {file = "pygame_ce-2.1.4-cp310-cp310-macosx_11_0_arm64.whl", hash = "sha256:410688945383a3b38d50ed5b73143bf3319492be3ba2cfb5fdff093a91906b2a"},
    {file = "pygame_ce-2.1.4-cp310-cp310-manylinux_2_17_i686.manylinux2014_i686.whl", hash = "sha256:489fa4aa92e871090850b8ca7e8ad628c780cebdf9ce3a0dcc51741880f6953c"},
    {file = "pygame_ce-2.1.4-cp310-cp310-manylinux_2_17_x86_64.manylinux2014_x86_64.whl", hash = "sha256:ed35b4949181df423ce96868b5abbe8d673dfc29c5bd47268504d1a3ea8a8874"},
    {file = "pygame_ce-2.1.4-cp310-cp310-win32.whl", hash = "sha256:dca16d326289aedc08f76ac964bb56846e5316c3b6ccec74150eeada60c38a7a"},
    {file = "pygame_ce-2.1.4-cp310-cp310-win_amd64.whl", hash = "sha256:a389ef3f0075a45a0e5a106ef5c77a6d3d169d3eb3e46e8b7048a488421a4489"},
    {file = "pygame_ce-2.1.4-cp311-cp311-macosx_10_9_x86_64.whl", hash = "sha256:be50bdc04c82bf365c5632e0af8b949a0d8798621d007503af5ae7593a30cbeb"},
    {file = "pygame_ce-2.1.4-cp311-cp311-macosx_11_0_arm64.whl", hash = "sha256:569b6b5f12519e093913d2d861524bc6e25ca75ec15ee8059316780ad7cb31a0"},
    {file = "pygame_ce-2.1.4-cp311-cp311-manylinux_2_17_i686.manylinux2014_i686.whl", hash = "sha256:175bade04ff442f25f99c30c6728c7b7f32b44a79d9677a65a6d3a4d02cea4cd"},
    {file = "pygame_ce-2.1.4-cp311-cp311-manylinux_2_17_x86_64.manylinux2014_x86_64.whl", hash = "sha256:857b9dd8afd1872fd97877868c52bad8b6ba68658a25b61ea4cf3051527f59e0"},
    {file = "pygame_ce-2.1.4-cp311-cp311-win32.whl", hash = "sha256:6d83b7ec9cd7229b58b47f3f7b3d3e5af7a77c47d2ef79196ee15ba4600fae72"},
    {file = "pygame_ce-2.1.4-cp311-cp311-win_amd64.whl", hash = "sha256:5fc2e7ed191c356410ea668db8f9b7ecb915c71db14b5ff0085ee242b35f14e5"},
    {file = "pygame_ce-2.1.4-cp37-cp37m-macosx_10_9_x86_64.whl", hash = "sha256:9ec99e268815dcb99237393eeb1edf5e64805247b610613436869a01cdf0eba4"},
    {file = "pygame_ce-2.1.4-cp37-cp37m-manylinux_2_17_i686.manylinux2014_i686.whl", hash = "sha256:0b3f94ee65a9b429e3c13366e964d010aa8cccfb257b854ef6b83710e9b39b63"},
    {file = "pygame_ce-2.1.4-cp37-cp37m-manylinux_2_17_x86_64.manylinux2014_x86_64.whl", hash = "sha256:174be314f4548edc3ed33bfd049939b469499e63d0e322074775cece42bdc655"},
    {file = "pygame_ce-2.1.4-cp37-cp37m-win32.whl", hash = "sha256:73328dab4ea69982a92cfdb104d895128e1ae0026797f9ab2b47b48c6bec8cbc"},
    {file = "pygame_ce-2.1.4-cp37-cp37m-win_amd64.whl", hash = "sha256:02859f65f1297c5c2324af898fba9ab11078270e4c1a7827242cb9ed5612ee80"},
    {file = "pygame_ce-2.1.4-cp38-cp38-macosx_10_9_x86_64.whl", hash = "sha256:2590777eb2b5a8c8e742274c4270ae9007d9945ea3fcd35144c70f97c8227af2"},
    {file = "pygame_ce-2.1.4-cp38-cp38-macosx_11_0_arm64.whl", hash = "sha256:7aab2ff28aa600992c5ac1488ed04c00409bf5ff529ac05b520ba24f6b164e3d"},
    {file = "pygame_ce-2.1.4-cp38-cp38-manylinux_2_17_i686.manylinux2014_i686.whl", hash = "sha256:714e64dc2d5e06ed9168f7df3c476937e7d7e1e984b7e76c845fde77cc8aeea9"},
    {file = "pygame_ce-2.1.4-cp38-cp38-manylinux_2_17_x86_64.manylinux2014_x86_64.whl", hash = "sha256:415ee2667e0d452a4595c819ec2dfe1623ade9ea467cdc9e5bdc7934f99e5e13"},
    {file = "pygame_ce-2.1.4-cp38-cp38-win32.whl", hash = "sha256:89081be598bb09a804fce0b7707d70306d576e96f950a004e377ffbccf6dbf49"},
    {file = "pygame_ce-2.1.4-cp38-cp38-win_amd64.whl", hash = "sha256:8e0c1c1b9c42ac355d178413ec2497b2dafa5e8ed8005d119b07a70f5ad766b4"},
    {file = "pygame_ce-2.1.4-cp39-cp39-macosx_10_9_x86_64.whl", hash = "sha256:187d90177a9d8b3d9cb669dc0be3dbd5decf481bb1c95485cf2c97d641822b29"},
    {file = "pygame_ce-2.1.4-cp39-cp39-macosx_11_0_arm64.whl", hash = "sha256:da8a2f935f84922aaadea28e9f6a062b754f13692c9a35163e92add67df638be"},
    {file = "pygame_ce-2.1.4-cp39-cp39-manylinux_2_17_i686.manylinux2014_i686.whl", hash = "sha256:236d1f97bd41ee47021e75229b8684331fb0ec9614bc74aafad994fd6ab3d8c2"},
    {file = "pygame_ce-2.1.4-cp39-cp39-manylinux_2_17_x86_64.manylinux2014_x86_64.whl", hash = "sha256:516c12b5e1cdc92fdb9e35f516f45989048f26b1e793e03f0d527077f8ac73ef"},
    {file = "pygame_ce-2.1.4-cp39-cp39-win32.whl", hash = "sha256:3382fe9dc26829561c6d18de4a9ad9959c644839a421301ed3802cd6f320ecd4"},
    {file = "pygame_ce-2.1.4-cp39-cp39-win_amd64.whl", hash = "sha256:4b030d991e861ae2551192c30bdba05dadea6194e5e3d85ea7f711dcdc3bad46"},
    {file = "pygame_ce-2.1.4-pp37-pypy37_pp73-macosx_10_9_x86_64.whl", hash = "sha256:130b807ec9f5f9c72c7ce6b9c4f339c7c3c2a2540120fe8ab137ebf5c653704e"},
    {file = "pygame_ce-2.1.4-pp37-pypy37_pp73-manylinux_2_17_i686.manylinux2014_i686.whl", hash = "sha256:7951e046e17ec3e4e6338d73abfecbfc81d4aa8e5545f1a48a3f5f7785dc6b47"},
    {file = "pygame_ce-2.1.4-pp37-pypy37_pp73-manylinux_2_17_x86_64.manylinux2014_x86_64.whl", hash = "sha256:38094f8aa2b40a03a06c190c3554fb9332968a35787c7346fec6a636854b9f39"},
    {file = "pygame_ce-2.1.4-pp37-pypy37_pp73-win_amd64.whl", hash = "sha256:7fde9dc5a2b13c41a4076e5d482ddc230f023d6d28b79466179481f1b89ae973"},
    {file = "pygame_ce-2.1.4-pp38-pypy38_pp73-macosx_10_9_x86_64.whl", hash = "sha256:d04e8177efbc120ceeb3f64b767d7033d8ba1d78cdfa33df80a39bd7a3e104e4"},
    {file = "pygame_ce-2.1.4-pp38-pypy38_pp73-manylinux_2_17_i686.manylinux2014_i686.whl", hash = "sha256:9ecf543afd5b416305381554d4cd2e624463b146033b3a2a20128cfb905feb9f"},
    {file = "pygame_ce-2.1.4-pp38-pypy38_pp73-manylinux_2_17_x86_64.manylinux2014_x86_64.whl", hash = "sha256:66b2acba621b3b4b34b88adafa476a9a0b2c1732c1f9ce5522b940fe905076a5"},
    {file = "pygame_ce-2.1.4-pp38-pypy38_pp73-win_amd64.whl", hash = "sha256:913c11cb11dc1f234cb052bfcd17c4842336ded0603516e16c65b45ffbb5996e"},
    {file = "pygame_ce-2.1.4-pp39-pypy39_pp73-macosx_10_9_x86_64.whl", hash = "sha256:86b98a27c86f3ca9df7c23355d572d5cbd558d11ddb57215678085cc2819c126"},
    {file = "pygame_ce-2.1.4-pp39-pypy39_pp73-manylinux_2_17_i686.manylinux2014_i686.whl", hash = "sha256:01a5c9c010c607778c9a3d8a481d309367410c05eee86f836bfb18bac1754961"},
    {file = "pygame_ce-2.1.4-pp39-pypy39_pp73-manylinux_2_17_x86_64.manylinux2014_x86_64.whl", hash = "sha256:836cc5c7b9ec0af2065c27ff431ad44ecbcd9270b016609bb9f88affdce252c1"},
    {file = "pygame_ce-2.1.4-pp39-pypy39_pp73-win_amd64.whl", hash = "sha256:0867b1e6734c2f1328acf5271d9a39ea6d80c1076e4c2e11a43038e9f32da2f9"},
]

[[package]]
name = "pygame-gui"
version = "0.6.8"
description = "A GUI module for pygame 2"
category = "main"
optional = false
python-versions = ">=3.7"
files = [
    {file = "pygame_gui-0.6.8-py3-none-any.whl", hash = "sha256:c7009ea9fea9f7850c51501c18c6ae8dc3bbfe8795e32659dc339021ae4f46c2"},
]

[package.dependencies]
pygame = ">=2.0.1"
python-i18n = ">=0.3.9"

[[package]]
name = "python-i18n"
version = "0.3.9"
description = "Translation library for Python"
category = "main"
optional = false
python-versions = "*"
files = [
    {file = "python-i18n-0.3.9.tar.gz", hash = "sha256:df97f3d2364bf3a7ebfbd6cbefe8e45483468e52a9e30b909c6078f5f471e4e8"},
    {file = "python_i18n-0.3.9-py3-none-any.whl", hash = "sha256:bda5b8d889ebd51973e22e53746417bd32783c9bd6780fd27cadbb733915651d"},
]

[package.extras]
yaml = ["pyyaml (>=3.10)"]

[metadata]
lock-version = "2.0"
python-versions = "^3.11.0"
content-hash = "cc2474bd46a0994cb4a6b200342d01aed909f4d887b8ef2ac8480d8adbdd9e92"
